// !$*UTF8*$!
{
	archiveVersion = 1;
	classes = {
	};
	objectVersion = 52;
	objects = {

/* Begin PBXBuildFile section */
		4225CA912827E85000133095 /* UIImage+extension.swift in Sources */ = {isa = PBXBuildFile; fileRef = 4225CA902827E85000133095 /* UIImage+extension.swift */; };
		4225CA942827E99D00133095 /* Alamofire in Frameworks */ = {isa = PBXBuildFile; productRef = 4225CA932827E99D00133095 /* Alamofire */; };
		42EA7BD52856454D00ADF214 /* UIButton+extension.swift in Sources */ = {isa = PBXBuildFile; fileRef = 42EA7BD42856454D00ADF214 /* UIButton+extension.swift */; };
		C475655D248AEBD900F111B8 /* CameraView.swift in Sources */ = {isa = PBXBuildFile; fileRef = C475655A248AEBD800F111B8 /* CameraView.swift */; };
		C475655F248AEBD900F111B8 /* CameraViewController.swift in Sources */ = {isa = PBXBuildFile; fileRef = C475655C248AEBD900F111B8 /* CameraViewController.swift */; };
		C4EB82EB248AEB7B00CD7D41 /* AppDelegate.swift in Sources */ = {isa = PBXBuildFile; fileRef = C4EB82EA248AEB7B00CD7D41 /* AppDelegate.swift */; };
		C4EB82ED248AEB7B00CD7D41 /* SceneDelegate.swift in Sources */ = {isa = PBXBuildFile; fileRef = C4EB82EC248AEB7B00CD7D41 /* SceneDelegate.swift */; };
		C4EB82F2248AEB7B00CD7D41 /* Main.storyboard in Resources */ = {isa = PBXBuildFile; fileRef = C4EB82F0248AEB7B00CD7D41 /* Main.storyboard */; };
		C4EB82F4248AEB7B00CD7D41 /* Assets.xcassets in Resources */ = {isa = PBXBuildFile; fileRef = C4EB82F3248AEB7B00CD7D41 /* Assets.xcassets */; };
		C4EB82F7248AEB7B00CD7D41 /* LaunchScreen.storyboard in Resources */ = {isa = PBXBuildFile; fileRef = C4EB82F5248AEB7B00CD7D41 /* LaunchScreen.storyboard */; };
/* End PBXBuildFile section */

/* Begin PBXFileReference section */
		10C71E6B24C4D79300A8EE6A /* LICENSE */ = {isa = PBXFileReference; lastKnownFileType = text; path = LICENSE; sourceTree = "<group>"; };
		131D672E55F74A60D83C1534 /* README.md */ = {isa = PBXFileReference; lastKnownFileType = net.daringfireball.markdown; path = README.md; sourceTree = "<group>"; };
		4225CA902827E85000133095 /* UIImage+extension.swift */ = {isa = PBXFileReference; lastKnownFileType = sourcecode.swift; path = "UIImage+extension.swift"; sourceTree = "<group>"; };
		42EA7BD42856454D00ADF214 /* UIButton+extension.swift */ = {isa = PBXFileReference; lastKnownFileType = sourcecode.swift; path = "UIButton+extension.swift"; sourceTree = "<group>"; };
		C475655A248AEBD800F111B8 /* CameraView.swift */ = {isa = PBXFileReference; fileEncoding = 4; lastKnownFileType = sourcecode.swift; path = CameraView.swift; sourceTree = "<group>"; };
		C475655C248AEBD900F111B8 /* CameraViewController.swift */ = {isa = PBXFileReference; fileEncoding = 4; lastKnownFileType = sourcecode.swift; path = CameraViewController.swift; sourceTree = "<group>"; };
		C4EB82E7248AEB7B00CD7D41 /* iOS-Vision-HandPose.app */ = {isa = PBXFileReference; explicitFileType = wrapper.application; includeInIndex = 0; path = "iOS-Vision-HandPose.app"; sourceTree = BUILT_PRODUCTS_DIR; };
		C4EB82EA248AEB7B00CD7D41 /* AppDelegate.swift */ = {isa = PBXFileReference; lastKnownFileType = sourcecode.swift; path = AppDelegate.swift; sourceTree = "<group>"; };
		C4EB82EC248AEB7B00CD7D41 /* SceneDelegate.swift */ = {isa = PBXFileReference; lastKnownFileType = sourcecode.swift; path = SceneDelegate.swift; sourceTree = "<group>"; };
		C4EB82F1248AEB7B00CD7D41 /* Base */ = {isa = PBXFileReference; lastKnownFileType = file.storyboard; name = Base; path = Base.lproj/Main.storyboard; sourceTree = "<group>"; };
		C4EB82F3248AEB7B00CD7D41 /* Assets.xcassets */ = {isa = PBXFileReference; lastKnownFileType = folder.assetcatalog; path = Assets.xcassets; sourceTree = "<group>"; };
		C4EB82F6248AEB7B00CD7D41 /* Base */ = {isa = PBXFileReference; lastKnownFileType = file.storyboard; name = Base; path = Base.lproj/LaunchScreen.storyboard; sourceTree = "<group>"; };
		C4EB82F8248AEB7B00CD7D41 /* Info.plist */ = {isa = PBXFileReference; lastKnownFileType = text.plist.xml; path = Info.plist; sourceTree = "<group>"; };
/* End PBXFileReference section */

/* Begin PBXFrameworksBuildPhase section */
		C4EB82E4248AEB7B00CD7D41 /* Frameworks */ = {
			isa = PBXFrameworksBuildPhase;
			buildActionMask = 2147483647;
			files = (
				4225CA942827E99D00133095 /* Alamofire in Frameworks */,
			);
			runOnlyForDeploymentPostprocessing = 0;
		};
/* End PBXFrameworksBuildPhase section */

/* Begin PBXGroup section */
		C4EB82DE248AEB7B00CD7D41 = {
			isa = PBXGroup;
			children = (
				131D672E55F74A60D83C1534 /* README.md */,
				C4EB82E9248AEB7B00CD7D41 /* iOS-Vision-HandPose */,
				C4EB82E8248AEB7B00CD7D41 /* Products */,
				10C71E6B24C4D79300A8EE6A /* LICENSE */,
			);
			sourceTree = "<group>";
		};
		C4EB82E8248AEB7B00CD7D41 /* Products */ = {
			isa = PBXGroup;
			children = (
				C4EB82E7248AEB7B00CD7D41 /* iOS-Vision-HandPose.app */,
			);
			name = Products;
			sourceTree = "<group>";
		};
		C4EB82E9248AEB7B00CD7D41 /* iOS-Vision-HandPose */ = {
			isa = PBXGroup;
			children = (
				C475655A248AEBD800F111B8 /* CameraView.swift */,
				C475655C248AEBD900F111B8 /* CameraViewController.swift */,
				C4EB82F5248AEB7B00CD7D41 /* LaunchScreen.storyboard */,
				C4EB82F0248AEB7B00CD7D41 /* Main.storyboard */,
				C4EB82EA248AEB7B00CD7D41 /* AppDelegate.swift */,
				C4EB82EC248AEB7B00CD7D41 /* SceneDelegate.swift */,
				C4EB82F3248AEB7B00CD7D41 /* Assets.xcassets */,
				C4EB82F8248AEB7B00CD7D41 /* Info.plist */,
				4225CA902827E85000133095 /* UIImage+extension.swift */,
				42EA7BD42856454D00ADF214 /* UIButton+extension.swift */,
			);
			path = "iOS-Vision-HandPose";
			sourceTree = "<group>";
		};
/* End PBXGroup section */

/* Begin PBXNativeTarget section */
		C4EB82E6248AEB7B00CD7D41 /* iOS-Vision-HandPose */ = {
			isa = PBXNativeTarget;
			buildConfigurationList = C4EB82FB248AEB7B00CD7D41 /* Build configuration list for PBXNativeTarget "iOS-Vision-HandPose" */;
			buildPhases = (
				C4EB82E3248AEB7B00CD7D41 /* Sources */,
				C4EB82E4248AEB7B00CD7D41 /* Frameworks */,
				C4EB82E5248AEB7B00CD7D41 /* Resources */,
			);
			buildRules = (
			);
			dependencies = (
			);
			name = "iOS-Vision-HandPose";
			packageProductDependencies = (
				4225CA932827E99D00133095 /* Alamofire */,
			);
			productName = HandPose;
			productReference = C4EB82E7248AEB7B00CD7D41 /* iOS-Vision-HandPose.app */;
			productType = "com.apple.product-type.application";
		};
/* End PBXNativeTarget section */

/* Begin PBXProject section */
		C4EB82DF248AEB7B00CD7D41 /* Project object */ = {
			isa = PBXProject;
			attributes = {
				LastSwiftUpdateCheck = 1200;
				LastUpgradeCheck = 1200;
				ORGANIZATIONNAME = Apple;
				TargetAttributes = {
					C4EB82E6248AEB7B00CD7D41 = {
						CreatedOnToolsVersion = 12.0;
					};
				};
			};
			buildConfigurationList = C4EB82E2248AEB7B00CD7D41 /* Build configuration list for PBXProject "iOS-Vision-HandPose" */;
			compatibilityVersion = "Xcode 9.3";
			developmentRegion = en;
			hasScannedForEncodings = 0;
			knownRegions = (
				en,
				Base,
			);
			mainGroup = C4EB82DE248AEB7B00CD7D41;
			packageReferences = (
				4225CA922827E99D00133095 /* XCRemoteSwiftPackageReference "Alamofire" */,
			);
			productRefGroup = C4EB82E8248AEB7B00CD7D41 /* Products */;
			projectDirPath = "";
			projectRoot = "";
			targets = (
				C4EB82E6248AEB7B00CD7D41 /* iOS-Vision-HandPose */,
			);
		};
/* End PBXProject section */

/* Begin PBXResourcesBuildPhase section */
		C4EB82E5248AEB7B00CD7D41 /* Resources */ = {
			isa = PBXResourcesBuildPhase;
			buildActionMask = 2147483647;
			files = (
				C4EB82F7248AEB7B00CD7D41 /* LaunchScreen.storyboard in Resources */,
				C4EB82F4248AEB7B00CD7D41 /* Assets.xcassets in Resources */,
				C4EB82F2248AEB7B00CD7D41 /* Main.storyboard in Resources */,
			);
			runOnlyForDeploymentPostprocessing = 0;
		};
/* End PBXResourcesBuildPhase section */

/* Begin PBXSourcesBuildPhase section */
		C4EB82E3248AEB7B00CD7D41 /* Sources */ = {
			isa = PBXSourcesBuildPhase;
			buildActionMask = 2147483647;
			files = (
				4225CA912827E85000133095 /* UIImage+extension.swift in Sources */,
				C4EB82EB248AEB7B00CD7D41 /* AppDelegate.swift in Sources */,
				C4EB82ED248AEB7B00CD7D41 /* SceneDelegate.swift in Sources */,
				C475655D248AEBD900F111B8 /* CameraView.swift in Sources */,
				C475655F248AEBD900F111B8 /* CameraViewController.swift in Sources */,
				42EA7BD52856454D00ADF214 /* UIButton+extension.swift in Sources */,
			);
			runOnlyForDeploymentPostprocessing = 0;
		};
/* End PBXSourcesBuildPhase section */

/* Begin PBXVariantGroup section */
		C4EB82F0248AEB7B00CD7D41 /* Main.storyboard */ = {
			isa = PBXVariantGroup;
			children = (
				C4EB82F1248AEB7B00CD7D41 /* Base */,
			);
			name = Main.storyboard;
			sourceTree = "<group>";
		};
		C4EB82F5248AEB7B00CD7D41 /* LaunchScreen.storyboard */ = {
			isa = PBXVariantGroup;
			children = (
				C4EB82F6248AEB7B00CD7D41 /* Base */,
			);
			name = LaunchScreen.storyboard;
			sourceTree = "<group>";
		};
/* End PBXVariantGroup section */

/* Begin XCBuildConfiguration section */
		C4EB82F9248AEB7B00CD7D41 /* Debug */ = {
			isa = XCBuildConfiguration;
			buildSettings = {
				ALWAYS_SEARCH_USER_PATHS = NO;
				CLANG_ANALYZER_NONNULL = YES;
				CLANG_ANALYZER_NUMBER_OBJECT_CONVERSION = YES_AGGRESSIVE;
				CLANG_CXX_LANGUAGE_STANDARD = "gnu++14";
				CLANG_CXX_LIBRARY = "libc++";
				CLANG_ENABLE_MODULES = YES;
				CLANG_ENABLE_OBJC_ARC = YES;
				CLANG_ENABLE_OBJC_WEAK = YES;
				CLANG_WARN_BLOCK_CAPTURE_AUTORELEASING = YES;
				CLANG_WARN_BOOL_CONVERSION = YES;
				CLANG_WARN_COMMA = YES;
				CLANG_WARN_CONSTANT_CONVERSION = YES;
				CLANG_WARN_DEPRECATED_OBJC_IMPLEMENTATIONS = YES;
				CLANG_WARN_DIRECT_OBJC_ISA_USAGE = YES_ERROR;
				CLANG_WARN_DOCUMENTATION_COMMENTS = YES;
				CLANG_WARN_EMPTY_BODY = YES;
				CLANG_WARN_ENUM_CONVERSION = YES;
				CLANG_WARN_INFINITE_RECURSION = YES;
				CLANG_WARN_INT_CONVERSION = YES;
				CLANG_WARN_NON_LITERAL_NULL_CONVERSION = YES;
				CLANG_WARN_OBJC_IMPLICIT_RETAIN_SELF = YES;
				CLANG_WARN_OBJC_LITERAL_CONVERSION = YES;
				CLANG_WARN_OBJC_ROOT_CLASS = YES_ERROR;
				CLANG_WARN_QUOTED_INCLUDE_IN_FRAMEWORK_HEADER = YES;
				CLANG_WARN_RANGE_LOOP_ANALYSIS = YES;
				CLANG_WARN_STRICT_PROTOTYPES = YES;
				CLANG_WARN_SUSPICIOUS_MOVE = YES;
				CLANG_WARN_UNGUARDED_AVAILABILITY = YES_AGGRESSIVE;
				CLANG_WARN_UNREACHABLE_CODE = YES;
				CLANG_WARN__DUPLICATE_METHOD_MATCH = YES;
				"CODE_SIGN_ENTITLEMENTS[sdk=*]" = "";
				COPY_PHASE_STRIP = NO;
				DEBUG_INFORMATION_FORMAT = dwarf;
				ENABLE_STRICT_OBJC_MSGSEND = YES;
				ENABLE_TESTABILITY = YES;
				GCC_C_LANGUAGE_STANDARD = gnu11;
				GCC_DYNAMIC_NO_PIC = NO;
				GCC_NO_COMMON_BLOCKS = YES;
				GCC_OPTIMIZATION_LEVEL = 0;
				GCC_PREPROCESSOR_DEFINITIONS = (
					"DEBUG=1",
					"$(inherited)",
				);
				GCC_WARN_64_TO_32_BIT_CONVERSION = YES;
				GCC_WARN_ABOUT_RETURN_TYPE = YES_ERROR;
				GCC_WARN_UNDECLARED_SELECTOR = YES;
				GCC_WARN_UNINITIALIZED_AUTOS = YES_AGGRESSIVE;
				GCC_WARN_UNUSED_FUNCTION = YES;
				GCC_WARN_UNUSED_VARIABLE = YES;
				IPHONEOS_DEPLOYMENT_TARGET = 14.0;
				MTL_ENABLE_DEBUG_INFO = INCLUDE_SOURCE;
				MTL_FAST_MATH = YES;
				ONLY_ACTIVE_ARCH = YES;
				SDKROOT = iphoneos;
				SWIFT_ACTIVE_COMPILATION_CONDITIONS = DEBUG;
				SWIFT_OPTIMIZATION_LEVEL = "-Onone";
			};
			name = Debug;
		};
		C4EB82FA248AEB7B00CD7D41 /* Release */ = {
			isa = XCBuildConfiguration;
			buildSettings = {
				ALWAYS_SEARCH_USER_PATHS = NO;
				CLANG_ANALYZER_NONNULL = YES;
				CLANG_ANALYZER_NUMBER_OBJECT_CONVERSION = YES_AGGRESSIVE;
				CLANG_CXX_LANGUAGE_STANDARD = "gnu++14";
				CLANG_CXX_LIBRARY = "libc++";
				CLANG_ENABLE_MODULES = YES;
				CLANG_ENABLE_OBJC_ARC = YES;
				CLANG_ENABLE_OBJC_WEAK = YES;
				CLANG_WARN_BLOCK_CAPTURE_AUTORELEASING = YES;
				CLANG_WARN_BOOL_CONVERSION = YES;
				CLANG_WARN_COMMA = YES;
				CLANG_WARN_CONSTANT_CONVERSION = YES;
				CLANG_WARN_DEPRECATED_OBJC_IMPLEMENTATIONS = YES;
				CLANG_WARN_DIRECT_OBJC_ISA_USAGE = YES_ERROR;
				CLANG_WARN_DOCUMENTATION_COMMENTS = YES;
				CLANG_WARN_EMPTY_BODY = YES;
				CLANG_WARN_ENUM_CONVERSION = YES;
				CLANG_WARN_INFINITE_RECURSION = YES;
				CLANG_WARN_INT_CONVERSION = YES;
				CLANG_WARN_NON_LITERAL_NULL_CONVERSION = YES;
				CLANG_WARN_OBJC_IMPLICIT_RETAIN_SELF = YES;
				CLANG_WARN_OBJC_LITERAL_CONVERSION = YES;
				CLANG_WARN_OBJC_ROOT_CLASS = YES_ERROR;
				CLANG_WARN_QUOTED_INCLUDE_IN_FRAMEWORK_HEADER = YES;
				CLANG_WARN_RANGE_LOOP_ANALYSIS = YES;
				CLANG_WARN_STRICT_PROTOTYPES = YES;
				CLANG_WARN_SUSPICIOUS_MOVE = YES;
				CLANG_WARN_UNGUARDED_AVAILABILITY = YES_AGGRESSIVE;
				CLANG_WARN_UNREACHABLE_CODE = YES;
				CLANG_WARN__DUPLICATE_METHOD_MATCH = YES;
				"CODE_SIGN_ENTITLEMENTS[sdk=*]" = "";
				COPY_PHASE_STRIP = NO;
				DEBUG_INFORMATION_FORMAT = "dwarf-with-dsym";
				ENABLE_NS_ASSERTIONS = NO;
				ENABLE_STRICT_OBJC_MSGSEND = YES;
				GCC_C_LANGUAGE_STANDARD = gnu11;
				GCC_NO_COMMON_BLOCKS = YES;
				GCC_WARN_64_TO_32_BIT_CONVERSION = YES;
				GCC_WARN_ABOUT_RETURN_TYPE = YES_ERROR;
				GCC_WARN_UNDECLARED_SELECTOR = YES;
				GCC_WARN_UNINITIALIZED_AUTOS = YES_AGGRESSIVE;
				GCC_WARN_UNUSED_FUNCTION = YES;
				GCC_WARN_UNUSED_VARIABLE = YES;
				IPHONEOS_DEPLOYMENT_TARGET = 14.0;
				MTL_ENABLE_DEBUG_INFO = NO;
				MTL_FAST_MATH = YES;
				SDKROOT = iphoneos;
				SWIFT_COMPILATION_MODE = wholemodule;
				SWIFT_OPTIMIZATION_LEVEL = "-O";
				VALIDATE_PRODUCT = YES;
			};
			name = Release;
		};
		C4EB82FC248AEB7B00CD7D41 /* Debug */ = {
			isa = XCBuildConfiguration;
			buildSettings = {
				ASSETCATALOG_COMPILER_APPICON_NAME = AppIcon;
				ASSETCATALOG_COMPILER_GLOBAL_ACCENT_COLOR_NAME = AccentColor;
				"CODE_SIGN_IDENTITY[sdk=macosx*]" = "Apple Development";
				CODE_SIGN_STYLE = Automatic;
				DEVELOPMENT_TEAM = RCFJYHQNYN;
				INFOPLIST_FILE = "$(SRCROOT)/iOS-Vision-HandPose/Info.plist";
				IPHONEOS_DEPLOYMENT_TARGET = 15.0;
				LD_RUNPATH_SEARCH_PATHS = (
					"$(inherited)",
					"@executable_path/Frameworks",
				);
				PRODUCT_BUNDLE_IDENTIFIER = co.initml.TestVisionHandPose;
				PRODUCT_NAME = "$(TARGET_NAME)";
				PROVISIONING_PROFILE_SPECIFIER = "";
				SUPPORTS_MACCATALYST = YES;
				SWIFT_VERSION = 5.0;
				TARGETED_DEVICE_FAMILY = "1,2";
			};
			name = Debug;
		};
		C4EB82FD248AEB7B00CD7D41 /* Release */ = {
			isa = XCBuildConfiguration;
			buildSettings = {
				ASSETCATALOG_COMPILER_APPICON_NAME = AppIcon;
				ASSETCATALOG_COMPILER_GLOBAL_ACCENT_COLOR_NAME = AccentColor;
				"CODE_SIGN_IDENTITY[sdk=macosx*]" = "Apple Development";
				CODE_SIGN_STYLE = Automatic;
				DEVELOPMENT_TEAM = RCFJYHQNYN;
				INFOPLIST_FILE = "$(SRCROOT)/iOS-Vision-HandPose/Info.plist";
				IPHONEOS_DEPLOYMENT_TARGET = 15.0;
				LD_RUNPATH_SEARCH_PATHS = (
					"$(inherited)",
					"@executable_path/Frameworks",
				);
				PRODUCT_BUNDLE_IDENTIFIER = co.initml.TestVisionHandPose;
				PRODUCT_NAME = "$(TARGET_NAME)";
				PROVISIONING_PROFILE_SPECIFIER = "";
				SUPPORTS_MACCATALYST = YES;
				SWIFT_VERSION = 5.0;
				TARGETED_DEVICE_FAMILY = "1,2";
			};
			name = Release;
		};
/* End XCBuildConfiguration section */

/* Begin XCConfigurationList section */
		C4EB82E2248AEB7B00CD7D41 /* Build configuration list for PBXProject "iOS-Vision-HandPose" */ = {
			isa = XCConfigurationList;
			buildConfigurations = (
				C4EB82F9248AEB7B00CD7D41 /* Debug */,
				C4EB82FA248AEB7B00CD7D41 /* Release */,
			);
			defaultConfigurationIsVisible = 0;
			defaultConfigurationName = Release;
		};
		C4EB82FB248AEB7B00CD7D41 /* Build configuration list for PBXNativeTarget "iOS-Vision-HandPose" */ = {
			isa = XCConfigurationList;
			buildConfigurations = (
				C4EB82FC248AEB7B00CD7D41 /* Debug */,
				C4EB82FD248AEB7B00CD7D41 /* Release */,
			);
			defaultConfigurationIsVisible = 0;
			defaultConfigurationName = Release;
		};
/* End XCConfigurationList section */

/* Begin XCRemoteSwiftPackageReference section */
		4225CA922827E99D00133095 /* XCRemoteSwiftPackageReference "Alamofire" */ = {
			isa = XCRemoteSwiftPackageReference;
			repositoryURL = "https://github.com/Alamofire/Alamofire.git";
			requirement = {
				kind = upToNextMajorVersion;
				minimumVersion = 5.0.0;
			};
		};
/* End XCRemoteSwiftPackageReference section */

/* Begin XCSwiftPackageProductDependency section */
		4225CA932827E99D00133095 /* Alamofire */ = {
			isa = XCSwiftPackageProductDependency;
			package = 4225CA922827E99D00133095 /* XCRemoteSwiftPackageReference "Alamofire" */;
			productName = Alamofire;
		};
/* End XCSwiftPackageProductDependency section */
	};
	rootObject = C4EB82DF248AEB7B00CD7D41 /* Project object */;
}
